
Microsoft Visual Studio Solution File, Format Version 12.00
# Visual Studio Version 17
VisualStudioVersion = 17.1.32210.238
MinimumVisualStudioVersion = 10.0.40219.1
Project("{FAE04EC0-301F-11D3-BF4B-00C04F79EFBC}") = "20220314_homework", "20220314_homework\20220314_homework.csproj", "{D75EA484-43D7-4B07-AFE1-46256D8B803E}"
EndProject
Global
	GlobalSection(SolutionConfigurationPlatforms) = preSolution
		Debug|Any CPU = Debug|Any CPU
		Release|Any CPU = Release|Any CPU
	EndGlobalSection
	GlobalSection(ProjectConfigurationPlatforms) = postSolution
		{D75EA484-43D7-4B07-AFE1-46256D8B803E}.Debug|Any CPU.ActiveCfg = Debug|Any CPU
		{D75EA484-43D7-4B07-AFE1-46256D8B803E}.Debug|Any CPU.Build.0 = Debug|Any CPU
		{D75EA484-43D7-4B07-AFE1-46256D8B803E}.Release|Any CPU.ActiveCfg = Release|Any CPU
		{D75EA484-43D7-4B07-AFE1-46256D8B803E}.Release|Any CPU.Build.0 = Release|Any CPU
	EndGlobalSection
	GlobalSection(SolutionProperties) = preSolution
		HideSolutionNode = FALSE
	EndGlobalSection
	GlobalSection(ExtensibilityGlobals) = postSolution
		SolutionGuid = {546EB54B-D17F-40B1-9161-6339179714A3}
	EndGlobalSection
EndGlobal
